
Microsoft Visual Studio Solution File, Format Version 12.00
# Visual Studio 15
VisualStudioVersion = 15.0.26124.0
MinimumVisualStudioVersion = 15.0.26124.0
Project("{2150E333-8FDC-42A3-9474-1A3956D46DE8}") = "src", "src", "{3931DFB1-4645-489B-BCE7-3436FFFD9E8A}"
EndProject
Project("{9A19103F-16F7-4668-BE54-9A1E7A4F7556}") = "StoreOfBuild.Domain", "src\StoreOfBuild.Domain\StoreOfBuild.Domain.csproj", "{1838FDAB-08B7-490C-AD29-B702B0B97454}"
EndProject
Project("{9A19103F-16F7-4668-BE54-9A1E7A4F7556}") = "StoreOfBuild.Data", "src\StoreOfBuild.Data\StoreOfBuild.Data.csproj", "{13F2A9CC-9912-47CC-8EA8-75554987F463}"
EndProject
Project("{9A19103F-16F7-4668-BE54-9A1E7A4F7556}") = "StoreOfBuild.Web", "src\StoreOfBuild.Web\StoreOfBuild.Web.csproj", "{B08287A0-E1C1-43D6-AA7E-92AD66A073ED}"
EndProject
Project("{FAE04EC0-301F-11D3-BF4B-00C04F79EFBC}") = "StoreOfBuild.DI", "src\StoreOfBuild.DI\StoreOfBuild.DI.csproj", "{DFF5CEE6-8EE0-41C3-944D-0D724772CE4A}"
EndProject
Global
	GlobalSection(SolutionConfigurationPlatforms) = preSolution
		Debug|Any CPU = Debug|Any CPU
		Debug|x64 = Debug|x64
		Debug|x86 = Debug|x86
		Release|Any CPU = Release|Any CPU
		Release|x64 = Release|x64
		Release|x86 = Release|x86
	EndGlobalSection
	GlobalSection(ProjectConfigurationPlatforms) = postSolution
		{1838FDAB-08B7-490C-AD29-B702B0B97454}.Debug|Any CPU.ActiveCfg = Debug|Any CPU
		{1838FDAB-08B7-490C-AD29-B702B0B97454}.Debug|Any CPU.Build.0 = Debug|Any CPU
		{1838FDAB-08B7-490C-AD29-B702B0B97454}.Debug|x64.ActiveCfg = Debug|Any CPU
		{1838FDAB-08B7-490C-AD29-B702B0B97454}.Debug|x64.Build.0 = Debug|Any CPU
		{1838FDAB-08B7-490C-AD29-B702B0B97454}.Debug|x86.ActiveCfg = Debug|Any CPU
		{1838FDAB-08B7-490C-AD29-B702B0B97454}.Debug|x86.Build.0 = Debug|Any CPU
		{1838FDAB-08B7-490C-AD29-B702B0B97454}.Release|Any CPU.ActiveCfg = Release|Any CPU
		{1838FDAB-08B7-490C-AD29-B702B0B97454}.Release|Any CPU.Build.0 = Release|Any CPU
		{1838FDAB-08B7-490C-AD29-B702B0B97454}.Release|x64.ActiveCfg = Release|Any CPU
		{1838FDAB-08B7-490C-AD29-B702B0B97454}.Release|x64.Build.0 = Release|Any CPU
		{1838FDAB-08B7-490C-AD29-B702B0B97454}.Release|x86.ActiveCfg = Release|Any CPU
		{1838FDAB-08B7-490C-AD29-B702B0B97454}.Release|x86.Build.0 = Release|Any CPU
		{13F2A9CC-9912-47CC-8EA8-75554987F463}.Debug|Any CPU.ActiveCfg = Debug|Any CPU
		{13F2A9CC-9912-47CC-8EA8-75554987F463}.Debug|Any CPU.Build.0 = Debug|Any CPU
		{13F2A9CC-9912-47CC-8EA8-75554987F463}.Debug|x64.ActiveCfg = Debug|Any CPU
		{13F2A9CC-9912-47CC-8EA8-75554987F463}.Debug|x64.Build.0 = Debug|Any CPU
		{13F2A9CC-9912-47CC-8EA8-75554987F463}.Debug|x86.ActiveCfg = Debug|Any CPU
		{13F2A9CC-9912-47CC-8EA8-75554987F463}.Debug|x86.Build.0 = Debug|Any CPU
		{13F2A9CC-9912-47CC-8EA8-75554987F463}.Release|Any CPU.ActiveCfg = Release|Any CPU
		{13F2A9CC-9912-47CC-8EA8-75554987F463}.Release|Any CPU.Build.0 = Release|Any CPU
		{13F2A9CC-9912-47CC-8EA8-75554987F463}.Release|x64.ActiveCfg = Release|Any CPU
		{13F2A9CC-9912-47CC-8EA8-75554987F463}.Release|x64.Build.0 = Release|Any CPU
		{13F2A9CC-9912-47CC-8EA8-75554987F463}.Release|x86.ActiveCfg = Release|Any CPU
		{13F2A9CC-9912-47CC-8EA8-75554987F463}.Release|x86.Build.0 = Release|Any CPU
		{B08287A0-E1C1-43D6-AA7E-92AD66A073ED}.Debug|Any CPU.ActiveCfg = Debug|Any CPU
		{B08287A0-E1C1-43D6-AA7E-92AD66A073ED}.Debug|Any CPU.Build.0 = Debug|Any CPU
		{B08287A0-E1C1-43D6-AA7E-92AD66A073ED}.Debug|x64.ActiveCfg = Debug|Any CPU
		{B08287A0-E1C1-43D6-AA7E-92AD66A073ED}.Debug|x64.Build.0 = Debug|Any CPU
		{B08287A0-E1C1-43D6-AA7E-92AD66A073ED}.Debug|x86.ActiveCfg = Debug|Any CPU
		{B08287A0-E1C1-43D6-AA7E-92AD66A073ED}.Debug|x86.Build.0 = Debug|Any CPU
		{B08287A0-E1C1-43D6-AA7E-92AD66A073ED}.Release|Any CPU.ActiveCfg = Release|Any CPU
		{B08287A0-E1C1-43D6-AA7E-92AD66A073ED}.Release|Any CPU.Build.0 = Release|Any CPU
		{B08287A0-E1C1-43D6-AA7E-92AD66A073ED}.Release|x64.ActiveCfg = Release|Any CPU
		{B08287A0-E1C1-43D6-AA7E-92AD66A073ED}.Release|x64.Build.0 = Release|Any CPU
		{B08287A0-E1C1-43D6-AA7E-92AD66A073ED}.Release|x86.ActiveCfg = Release|Any CPU
		{B08287A0-E1C1-43D6-AA7E-92AD66A073ED}.Release|x86.Build.0 = Release|Any CPU
		{DFF5CEE6-8EE0-41C3-944D-0D724772CE4A}.Debug|Any CPU.ActiveCfg = Debug|Any CPU
		{DFF5CEE6-8EE0-41C3-944D-0D724772CE4A}.Debug|Any CPU.Build.0 = Debug|Any CPU
		{DFF5CEE6-8EE0-41C3-944D-0D724772CE4A}.Debug|x64.ActiveCfg = Debug|Any CPU
		{DFF5CEE6-8EE0-41C3-944D-0D724772CE4A}.Debug|x64.Build.0 = Debug|Any CPU
		{DFF5CEE6-8EE0-41C3-944D-0D724772CE4A}.Debug|x86.ActiveCfg = Debug|Any CPU
		{DFF5CEE6-8EE0-41C3-944D-0D724772CE4A}.Debug|x86.Build.0 = Debug|Any CPU
		{DFF5CEE6-8EE0-41C3-944D-0D724772CE4A}.Release|Any CPU.ActiveCfg = Release|Any CPU
		{DFF5CEE6-8EE0-41C3-944D-0D724772CE4A}.Release|Any CPU.Build.0 = Release|Any CPU
		{DFF5CEE6-8EE0-41C3-944D-0D724772CE4A}.Release|x64.ActiveCfg = Release|Any CPU
		{DFF5CEE6-8EE0-41C3-944D-0D724772CE4A}.Release|x64.Build.0 = Release|Any CPU
		{DFF5CEE6-8EE0-41C3-944D-0D724772CE4A}.Release|x86.ActiveCfg = Release|Any CPU
		{DFF5CEE6-8EE0-41C3-944D-0D724772CE4A}.Release|x86.Build.0 = Release|Any CPU
	EndGlobalSection
	GlobalSection(SolutionProperties) = preSolution
		HideSolutionNode = FALSE
	EndGlobalSection
	GlobalSection(NestedProjects) = preSolution
		{1838FDAB-08B7-490C-AD29-B702B0B97454} = {3931DFB1-4645-489B-BCE7-3436FFFD9E8A}
		{13F2A9CC-9912-47CC-8EA8-75554987F463} = {3931DFB1-4645-489B-BCE7-3436FFFD9E8A}
		{B08287A0-E1C1-43D6-AA7E-92AD66A073ED} = {3931DFB1-4645-489B-BCE7-3436FFFD9E8A}
		{DFF5CEE6-8EE0-41C3-944D-0D724772CE4A} = {3931DFB1-4645-489B-BCE7-3436FFFD9E8A}
	EndGlobalSection
	GlobalSection(ExtensibilityGlobals) = postSolution
		SolutionGuid = {05425F26-D15B-4052-A4B8-AD2B6158C5EC}
	EndGlobalSection
EndGlobal
